
Microsoft Visual Studio Solution File, Format Version 12.00
# Visual Studio 15
VisualStudioVersion = 15.0.27703.2035
MinimumVisualStudioVersion = 10.0.40219.1
Project("{FAE04EC0-301F-11D3-BF4B-00C04F79EFBC}") = "CBNSTT", "CBNSTT\CBNSTT.csproj", "{835EE8D5-20CD-4982-B272-E68C5B2C7FFA}"
EndProject
Global
	GlobalSection(SolutionConfigurationPlatforms) = preSolution
		Debug|Any CPU = Debug|Any CPU
		Release|Any CPU = Release|Any CPU
	EndGlobalSection
	GlobalSection(ProjectConfigurationPlatforms) = postSolution
		{835EE8D5-20CD-4982-B272-E68C5B2C7FFA}.Debug|Any CPU.ActiveCfg = Debug|Any CPU
		{835EE8D5-20CD-4982-B272-E68C5B2C7FFA}.Debug|Any CPU.Build.0 = Debug|Any CPU
		{835EE8D5-20CD-4982-B272-E68C5B2C7FFA}.Release|Any CPU.ActiveCfg = Release|Any CPU
		{835EE8D5-20CD-4982-B272-E68C5B2C7FFA}.Release|Any CPU.Build.0 = Release|Any CPU
	EndGlobalSection
	GlobalSection(SolutionProperties) = preSolution
		HideSolutionNode = FALSE
	EndGlobalSection
	GlobalSection(ExtensibilityGlobals) = postSolution
		SolutionGuid = {0CDAA8FC-D899-4F17-8555-9E5733B17A76}
	EndGlobalSection
EndGlobal
